PODS:
  - Firebase/Auth (5.11.0):
    - Firebase/CoreOnly
    - FirebaseAuth (= 5.0.4)
  - Firebase/Core (5.11.0):
    - Firebase/CoreOnly
    - FirebaseAnalytics (= 5.3.0)
  - Firebase/CoreOnly (5.11.0):
    - FirebaseCore (= 5.1.6)
  - Firebase/Database (5.11.0):
    - Firebase/CoreOnly
    - FirebaseDatabase (= 5.0.3)
  - FirebaseAnalytics (5.3.0):
    - FirebaseCore (~> 5.1)
    - FirebaseInstanceID (~> 3.3)
    - GoogleAppMeasurement (~> 5.3)
    - GoogleUtilities/AppDelegateSwizzler (~> 5.2)
    - GoogleUtilities/MethodSwizzler (~> 5.2)
    - GoogleUtilities/Network (~> 5.2)
    - "GoogleUtilities/NSData+zlib (~> 5.2)"
    - nanopb (~> 0.3)
  - FirebaseAuth (5.0.4):
    - FirebaseAuthInterop (~> 1.0)
    - FirebaseCore (~> 5.0)
    - GoogleUtilities/Environment (~> 5.2)
    - GTMSessionFetcher/Core (~> 1.1)
  - FirebaseAuthInterop (1.0.0)
  - FirebaseCore (5.1.6):
    - GoogleUtilities/Logger (~> 5.2)
  - FirebaseDatabase (5.0.3):
    - FirebaseCore (~> 5.0)
    - leveldb-library (~> 1.18)
  - FirebaseInstanceID (3.3.0):
    - FirebaseCore (~> 5.1)
    - GoogleUtilities/Environment (~> 5.3)
    - GoogleUtilities/UserDefaults (~> 5.3)
  - GoogleAppMeasurement (5.3.0):
    - GoogleUtilities/AppDelegateSwizzler (~> 5.2)
    - GoogleUtilities/MethodSwizzler (~> 5.2)
    - GoogleUtilities/Network (~> 5.2)
    - "GoogleUtilities/NSData+zlib (~> 5.2)"
    - nanopb (~> 0.3)
  - GoogleUtilities/AppDelegateSwizzler (5.3.4):
    - GoogleUtilities/Environment
    - GoogleUtilities/Logger
    - GoogleUtilities/Network
  - GoogleUtilities/Environment (5.3.4)
  - GoogleUtilities/Logger (5.3.4):
    - GoogleUtilities/Environment
  - GoogleUtilities/MethodSwizzler (5.3.4):
    - GoogleUtilities/Logger
  - GoogleUtilities/Network (5.3.4):
    - GoogleUtilities/Logger
    - "GoogleUtilities/NSData+zlib"
    - GoogleUtilities/Reachability
  - "GoogleUtilities/NSData+zlib (5.3.4)"
  - GoogleUtilities/Reachability (5.3.4):
    - GoogleUtilities/Logger
  - GoogleUtilities/UserDefaults (5.3.4):
    - GoogleUtilities/Logger
  - GTMSessionFetcher/Core (1.2.1)
  - leveldb-library (1.20)
  - Mapbox-iOS-SDK (4.7.0)
  - MapboxCoreNavigation (0.27.0):
    - MapboxDirections.swift (~> 0.26.0)
    - MapboxMobileEvents (~> 0.6.0)
    - MapboxNavigationNative (~> 3.4.6)
    - Turf (~> 0.3.0)
  - MapboxDirections.swift (0.26.0):
    - Polyline (~> 4.2)
  - MapboxMobileEvents (0.6.0)
  - MapboxNavigation (0.27.0):
    - Mapbox-iOS-SDK (~> 4.3)
    - MapboxCoreNavigation (= 0.27.0)
    - MapboxSpeech (~> 0.1.0)
    - Solar (~> 2.1)
  - MapboxNavigationNative (3.4.11)
  - MapboxSpeech (0.1.0)
  - nanopb (0.3.901):
    - nanopb/decode (= 0.3.901)
    - nanopb/encode (= 0.3.901)
  - nanopb/decode (0.3.901)
  - nanopb/encode (0.3.901)
  - Polyline (4.2.0)
  - Solar (2.1.0)
  - Turf (0.3.0)

DEPENDENCIES:
  - Firebase/Auth
  - Firebase/Core
  - Firebase/Database
  - MapboxNavigation (~> 0.27.0)

SPEC REPOS:
  https://github.com/cocoapods/specs.git:
    - Firebase
    - FirebaseAnalytics
    - FirebaseAuth
    - FirebaseAuthInterop
    - FirebaseCore
    - FirebaseDatabase
    - FirebaseInstanceID
    - GoogleAppMeasurement
    - GoogleUtilities
    - GTMSessionFetcher
    - leveldb-library
    - Mapbox-iOS-SDK
    - MapboxCoreNavigation
    - MapboxDirections.swift
    - MapboxMobileEvents
    - MapboxNavigation
    - MapboxNavigationNative
    - MapboxSpeech
    - nanopb
    - Polyline
    - Solar
    - Turf

SPEC CHECKSUMS:
  Firebase: b48f9e653da971ecce5b8c749684bc8bb2d26bd3
  FirebaseAnalytics: 63202d2665de4e6adcbdce189135255d8b5962ba
  FirebaseAuth: 504b198ceb3472dca5c65bb95544ea44cfc9439e
  FirebaseAuthInterop: 0ffa57668be100582bb7643d4fcb7615496c41fc
  FirebaseCore: d16552f06821489ce1affe2e5e3e5593402ddfe3
  FirebaseDatabase: e2bcbc106adc4b11a2da3ec2eb63c0c4a44f2f54
  FirebaseInstanceID: e2fa4cb35ef5558c200f7f0ad8a53e212215f93e
  GoogleAppMeasurement: 5029d78f2b438bd30ffb44e6c558b57c21622727
  GoogleUtilities: abb092d2c12e817fa3e0e7b274987dd72fb86ec3
  GTMSessionFetcher: 32aeca0aa144acea523e1c8e053089dec2cb98ca
  leveldb-library: 08cba283675b7ed2d99629a4bc5fd052cd2bb6a5
  Mapbox-iOS-SDK: d8f60f4cbfcd1bfcb3b68d07ac38135d2880d97d
  MapboxCoreNavigation: 2db374b84cbc570c34d65c6f43a046a26f87e3a6
  MapboxDirections.swift: a9c923dc7d1a36b8ecc6cbdc77a22f932dc518f3
  MapboxMobileEvents: 0218869f556a7fdac9f869e2f9c10e8c6dd7eed5
  MapboxNavigation: 983638887ace6ebae6e918836ff8a8b65fd254af
  MapboxNavigationNative: 9a1c0215eb1ee0d4757e03d79566d4eff64a72b0
  MapboxSpeech: d7569ee91dd8bdca3ef8d19b6828e8754c1073ec
  nanopb: 2901f78ea1b7b4015c860c2fdd1ea2fee1a18d48
  Polyline: 3d69f75bb136357e27291d439d0436c6ebda57a4
  Solar: 2dc6e7cc39186cb0c8228fa08df76fb50c7d8f24
  Turf: c6bdf62d6a70c647874f295dd1cf4eefc0c3e9e6

PODFILE CHECKSUM: 159ad0ee5f45f794e115ce29dbb2125858d38c96

COCOAPODS: 1.5.3
