// !$*UTF8*$!
{
	archiveVersion = 1;
	classes = {
	};
	objectVersion = 50;
	objects = {

/* Begin PBXBuildFile section */
		402D4C15DF2601696D7FD7CD /* Pods_Vanmino.framework in Frameworks */ = {isa = PBXBuildFile; fileRef = C09D4F4613B0C22C007C9093 /* Pods_Vanmino.framework */; };
		468113D20EF29CA4F03F44E9 /* Pods_VanminoTests.framework in Frameworks */ = {isa = PBXBuildFile; fileRef = 2B12FE0AD6744A6494062539 /* Pods_VanminoTests.framework */; };
		66BF182821B48DDC002E24B4 /* AppDelegate.swift in Sources */ = {isa = PBXBuildFile; fileRef = 66BF182721B48DDC002E24B4 /* AppDelegate.swift */; };
		66BF182A21B48DDC002E24B4 /* TrailsVC.swift in Sources */ = {isa = PBXBuildFile; fileRef = 66BF182921B48DDC002E24B4 /* TrailsVC.swift */; };
		66BF182D21B48DDC002E24B4 /* Main.storyboard in Resources */ = {isa = PBXBuildFile; fileRef = 66BF182B21B48DDC002E24B4 /* Main.storyboard */; };
		66BF183021B48DDC002E24B4 /* Vanmino.xcdatamodeld in Sources */ = {isa = PBXBuildFile; fileRef = 66BF182E21B48DDC002E24B4 /* Vanmino.xcdatamodeld */; };
		66BF183221B48DDC002E24B4 /* Assets.xcassets in Resources */ = {isa = PBXBuildFile; fileRef = 66BF183121B48DDC002E24B4 /* Assets.xcassets */; };
		66BF183521B48DDC002E24B4 /* LaunchScreen.storyboard in Resources */ = {isa = PBXBuildFile; fileRef = 66BF183321B48DDC002E24B4 /* LaunchScreen.storyboard */; };
		66BF184021B48DDC002E24B4 /* VanminoTests.swift in Sources */ = {isa = PBXBuildFile; fileRef = 66BF183F21B48DDC002E24B4 /* VanminoTests.swift */; };
		66BF184B21B48DDC002E24B4 /* VanminoUITests.swift in Sources */ = {isa = PBXBuildFile; fileRef = 66BF184A21B48DDC002E24B4 /* VanminoUITests.swift */; };
		66BF185921B48E09002E24B4 /* GoogleService-Info.plist in Resources */ = {isa = PBXBuildFile; fileRef = 66BF185821B48E08002E24B4 /* GoogleService-Info.plist */; };
		66BF186121B4ACE1002E24B4 /* TrailType.swift in Sources */ = {isa = PBXBuildFile; fileRef = 66BF186021B4ACE1002E24B4 /* TrailType.swift */; };
		66BF186321B4B09E002E24B4 /* TrailCell.swift in Sources */ = {isa = PBXBuildFile; fileRef = 66BF186221B4B09E002E24B4 /* TrailCell.swift */; };
		9D14F98A93EA6FE72A8EE956 /* Pods_VanminoUITests.framework in Frameworks */ = {isa = PBXBuildFile; fileRef = BF7012A9CA8192242724CCCB /* Pods_VanminoUITests.framework */; };
/* End PBXBuildFile section */

/* Begin PBXContainerItemProxy section */
		66BF183C21B48DDC002E24B4 /* PBXContainerItemProxy */ = {
			isa = PBXContainerItemProxy;
			containerPortal = 66BF181C21B48DDC002E24B4 /* Project object */;
			proxyType = 1;
			remoteGlobalIDString = 66BF182321B48DDC002E24B4;
			remoteInfo = Vanmino;
		};
		66BF184721B48DDC002E24B4 /* PBXContainerItemProxy */ = {
			isa = PBXContainerItemProxy;
			containerPortal = 66BF181C21B48DDC002E24B4 /* Project object */;
			proxyType = 1;
			remoteGlobalIDString = 66BF182321B48DDC002E24B4;
			remoteInfo = Vanmino;
		};
/* End PBXContainerItemProxy section */

/* Begin PBXFileReference section */
		2498D2329E554355E5BD2FB8 /* Pods-VanminoTests.debug.xcconfig */ = {isa = PBXFileReference; includeInIndex = 1; lastKnownFileType = text.xcconfig; name = "Pods-VanminoTests.debug.xcconfig"; path = "Pods/Target Support Files/Pods-VanminoTests/Pods-VanminoTests.debug.xcconfig"; sourceTree = "<group>"; };
		2B12FE0AD6744A6494062539 /* Pods_VanminoTests.framework */ = {isa = PBXFileReference; explicitFileType = wrapper.framework; includeInIndex = 0; path = Pods_VanminoTests.framework; sourceTree = BUILT_PRODUCTS_DIR; };
		66BF182421B48DDC002E24B4 /* Vanmino.app */ = {isa = PBXFileReference; explicitFileType = wrapper.application; includeInIndex = 0; path = Vanmino.app; sourceTree = BUILT_PRODUCTS_DIR; };
		66BF182721B48DDC002E24B4 /* AppDelegate.swift */ = {isa = PBXFileReference; lastKnownFileType = sourcecode.swift; path = AppDelegate.swift; sourceTree = "<group>"; };
		66BF182921B48DDC002E24B4 /* TrailsVC.swift */ = {isa = PBXFileReference; lastKnownFileType = sourcecode.swift; path = TrailsVC.swift; sourceTree = "<group>"; };
		66BF182C21B48DDC002E24B4 /* Base */ = {isa = PBXFileReference; lastKnownFileType = file.storyboard; name = Base; path = Base.lproj/Main.storyboard; sourceTree = "<group>"; };
		66BF182F21B48DDC002E24B4 /* Vanmino.xcdatamodel */ = {isa = PBXFileReference; lastKnownFileType = wrapper.xcdatamodel; path = Vanmino.xcdatamodel; sourceTree = "<group>"; };
		66BF183121B48DDC002E24B4 /* Assets.xcassets */ = {isa = PBXFileReference; lastKnownFileType = folder.assetcatalog; path = Assets.xcassets; sourceTree = "<group>"; };
		66BF183421B48DDC002E24B4 /* Base */ = {isa = PBXFileReference; lastKnownFileType = file.storyboard; name = Base; path = Base.lproj/LaunchScreen.storyboard; sourceTree = "<group>"; };
		66BF183621B48DDC002E24B4 /* Info.plist */ = {isa = PBXFileReference; lastKnownFileType = text.plist.xml; path = Info.plist; sourceTree = "<group>"; };
		66BF183B21B48DDC002E24B4 /* VanminoTests.xctest */ = {isa = PBXFileReference; explicitFileType = wrapper.cfbundle; includeInIndex = 0; path = VanminoTests.xctest; sourceTree = BUILT_PRODUCTS_DIR; };
		66BF183F21B48DDC002E24B4 /* VanminoTests.swift */ = {isa = PBXFileReference; lastKnownFileType = sourcecode.swift; path = VanminoTests.swift; sourceTree = "<group>"; };
		66BF184121B48DDC002E24B4 /* Info.plist */ = {isa = PBXFileReference; lastKnownFileType = text.plist.xml; path = Info.plist; sourceTree = "<group>"; };
		66BF184621B48DDC002E24B4 /* VanminoUITests.xctest */ = {isa = PBXFileReference; explicitFileType = wrapper.cfbundle; includeInIndex = 0; path = VanminoUITests.xctest; sourceTree = BUILT_PRODUCTS_DIR; };
		66BF184A21B48DDC002E24B4 /* VanminoUITests.swift */ = {isa = PBXFileReference; lastKnownFileType = sourcecode.swift; path = VanminoUITests.swift; sourceTree = "<group>"; };
		66BF184C21B48DDC002E24B4 /* Info.plist */ = {isa = PBXFileReference; lastKnownFileType = text.plist.xml; path = Info.plist; sourceTree = "<group>"; };
		66BF185821B48E08002E24B4 /* GoogleService-Info.plist */ = {isa = PBXFileReference; fileEncoding = 4; lastKnownFileType = text.plist.xml; path = "GoogleService-Info.plist"; sourceTree = "<group>"; };
		66BF186021B4ACE1002E24B4 /* TrailType.swift */ = {isa = PBXFileReference; lastKnownFileType = sourcecode.swift; path = TrailType.swift; sourceTree = "<group>"; };
		66BF186221B4B09E002E24B4 /* TrailCell.swift */ = {isa = PBXFileReference; lastKnownFileType = sourcecode.swift; path = TrailCell.swift; sourceTree = "<group>"; };
		6D12FAED4238E60E7AD1DDD3 /* Pods-VanminoUITests.release.xcconfig */ = {isa = PBXFileReference; includeInIndex = 1; lastKnownFileType = text.xcconfig; name = "Pods-VanminoUITests.release.xcconfig"; path = "Pods/Target Support Files/Pods-VanminoUITests/Pods-VanminoUITests.release.xcconfig"; sourceTree = "<group>"; };
		7F1CFF2B0E2394F1AA748AE9 /* Pods-Vanmino.debug.xcconfig */ = {isa = PBXFileReference; includeInIndex = 1; lastKnownFileType = text.xcconfig; name = "Pods-Vanmino.debug.xcconfig"; path = "Pods/Target Support Files/Pods-Vanmino/Pods-Vanmino.debug.xcconfig"; sourceTree = "<group>"; };
		A32E2E567415D78075DA7025 /* Pods-VanminoTests.release.xcconfig */ = {isa = PBXFileReference; includeInIndex = 1; lastKnownFileType = text.xcconfig; name = "Pods-VanminoTests.release.xcconfig"; path = "Pods/Target Support Files/Pods-VanminoTests/Pods-VanminoTests.release.xcconfig"; sourceTree = "<group>"; };
		BF7012A9CA8192242724CCCB /* Pods_VanminoUITests.framework */ = {isa = PBXFileReference; explicitFileType = wrapper.framework; includeInIndex = 0; path = Pods_VanminoUITests.framework; sourceTree = BUILT_PRODUCTS_DIR; };
		C09D4F4613B0C22C007C9093 /* Pods_Vanmino.framework */ = {isa = PBXFileReference; explicitFileType = wrapper.framework; includeInIndex = 0; path = Pods_Vanmino.framework; sourceTree = BUILT_PRODUCTS_DIR; };
		F2E1AE03852B32E891E55C39 /* Pods-VanminoUITests.debug.xcconfig */ = {isa = PBXFileReference; includeInIndex = 1; lastKnownFileType = text.xcconfig; name = "Pods-VanminoUITests.debug.xcconfig"; path = "Pods/Target Support Files/Pods-VanminoUITests/Pods-VanminoUITests.debug.xcconfig"; sourceTree = "<group>"; };
		F91603849F37E0BCCDC7188D /* Pods-Vanmino.release.xcconfig */ = {isa = PBXFileReference; includeInIndex = 1; lastKnownFileType = text.xcconfig; name = "Pods-Vanmino.release.xcconfig"; path = "Pods/Target Support Files/Pods-Vanmino/Pods-Vanmino.release.xcconfig"; sourceTree = "<group>"; };
/* End PBXFileReference section */

/* Begin PBXFrameworksBuildPhase section */
		66BF182121B48DDC002E24B4 /* Frameworks */ = {
			isa = PBXFrameworksBuildPhase;
			buildActionMask = 2147483647;
			files = (
				402D4C15DF2601696D7FD7CD /* Pods_Vanmino.framework in Frameworks */,
			);
			runOnlyForDeploymentPostprocessing = 0;
		};
		66BF183821B48DDC002E24B4 /* Frameworks */ = {
			isa = PBXFrameworksBuildPhase;
			buildActionMask = 2147483647;
			files = (
				468113D20EF29CA4F03F44E9 /* Pods_VanminoTests.framework in Frameworks */,
			);
			runOnlyForDeploymentPostprocessing = 0;
		};
		66BF184321B48DDC002E24B4 /* Frameworks */ = {
			isa = PBXFrameworksBuildPhase;
			buildActionMask = 2147483647;
			files = (
				9D14F98A93EA6FE72A8EE956 /* Pods_VanminoUITests.framework in Frameworks */,
			);
			runOnlyForDeploymentPostprocessing = 0;
		};
/* End PBXFrameworksBuildPhase section */

/* Begin PBXGroup section */
		2CC418FB0D8C3B62F6A2621D /* Pods */ = {
			isa = PBXGroup;
			children = (
				7F1CFF2B0E2394F1AA748AE9 /* Pods-Vanmino.debug.xcconfig */,
				F91603849F37E0BCCDC7188D /* Pods-Vanmino.release.xcconfig */,
				2498D2329E554355E5BD2FB8 /* Pods-VanminoTests.debug.xcconfig */,
				A32E2E567415D78075DA7025 /* Pods-VanminoTests.release.xcconfig */,
				F2E1AE03852B32E891E55C39 /* Pods-VanminoUITests.debug.xcconfig */,
				6D12FAED4238E60E7AD1DDD3 /* Pods-VanminoUITests.release.xcconfig */,
			);
			name = Pods;
			sourceTree = "<group>";
		};
		66BF181B21B48DDC002E24B4 = {
			isa = PBXGroup;
			children = (
				66BF185D21B4A68A002E24B4 /* Extensions */,
				66BF185C21B4A682002E24B4 /* Enums */,
				66BF185B21B4A678002E24B4 /* View */,
				66BF185A21B4A668002E24B4 /* Controller */,
				66BF182621B48DDC002E24B4 /* Vanmino */,
				66BF183E21B48DDC002E24B4 /* VanminoTests */,
				66BF184921B48DDC002E24B4 /* VanminoUITests */,
				66BF182521B48DDC002E24B4 /* Products */,
				2CC418FB0D8C3B62F6A2621D /* Pods */,
				8136D496014DB1E1AF7BDB77 /* Frameworks */,
			);
			sourceTree = "<group>";
		};
		66BF182521B48DDC002E24B4 /* Products */ = {
			isa = PBXGroup;
			children = (
				66BF182421B48DDC002E24B4 /* Vanmino.app */,
				66BF183B21B48DDC002E24B4 /* VanminoTests.xctest */,
				66BF184621B48DDC002E24B4 /* VanminoUITests.xctest */,
			);
			name = Products;
			sourceTree = "<group>";
		};
		66BF182621B48DDC002E24B4 /* Vanmino */ = {
			isa = PBXGroup;
			children = (
				66BF182721B48DDC002E24B4 /* AppDelegate.swift */,
				66BF182B21B48DDC002E24B4 /* Main.storyboard */,
				66BF183121B48DDC002E24B4 /* Assets.xcassets */,
				66BF183321B48DDC002E24B4 /* LaunchScreen.storyboard */,
				66BF183621B48DDC002E24B4 /* Info.plist */,
				66BF182E21B48DDC002E24B4 /* Vanmino.xcdatamodeld */,
				66BF185821B48E08002E24B4 /* GoogleService-Info.plist */,
			);
			path = Vanmino;
			sourceTree = "<group>";
		};
		66BF183E21B48DDC002E24B4 /* VanminoTests */ = {
			isa = PBXGroup;
			children = (
				66BF183F21B48DDC002E24B4 /* VanminoTests.swift */,
				66BF184121B48DDC002E24B4 /* Info.plist */,
			);
			path = VanminoTests;
			sourceTree = "<group>";
		};
		66BF184921B48DDC002E24B4 /* VanminoUITests */ = {
			isa = PBXGroup;
			children = (
				66BF184A21B48DDC002E24B4 /* VanminoUITests.swift */,
				66BF184C21B48DDC002E24B4 /* Info.plist */,
			);
			path = VanminoUITests;
			sourceTree = "<group>";
		};
		66BF185A21B4A668002E24B4 /* Controller */ = {
			isa = PBXGroup;
			children = (
				66BF182921B48DDC002E24B4 /* TrailsVC.swift */,
			);
			path = Controller;
			sourceTree = "<group>";
		};
		66BF185B21B4A678002E24B4 /* View */ = {
			isa = PBXGroup;
			children = (
				66BF186221B4B09E002E24B4 /* TrailCell.swift */,
			);
			path = View;
			sourceTree = "<group>";
		};
		66BF185C21B4A682002E24B4 /* Enums */ = {
			isa = PBXGroup;
			children = (
				66BF186021B4ACE1002E24B4 /* TrailType.swift */,
			);
			path = Enums;
			sourceTree = "<group>";
		};
		66BF185D21B4A68A002E24B4 /* Extensions */ = {
			isa = PBXGroup;
			children = (
			);
			path = Extensions;
			sourceTree = "<group>";
		};
		8136D496014DB1E1AF7BDB77 /* Frameworks */ = {
			isa = PBXGroup;
			children = (
				C09D4F4613B0C22C007C9093 /* Pods_Vanmino.framework */,
				2B12FE0AD6744A6494062539 /* Pods_VanminoTests.framework */,
				BF7012A9CA8192242724CCCB /* Pods_VanminoUITests.framework */,
			);
			name = Frameworks;
			sourceTree = "<group>";
		};
/* End PBXGroup section */

/* Begin PBXNativeTarget section */
		66BF182321B48DDC002E24B4 /* Vanmino */ = {
			isa = PBXNativeTarget;
			buildConfigurationList = 66BF184F21B48DDC002E24B4 /* Build configuration list for PBXNativeTarget "Vanmino" */;
			buildPhases = (
				7DAE9921F07784E5EFF1D38B /* [CP] Check Pods Manifest.lock */,
				66BF182021B48DDC002E24B4 /* Sources */,
				66BF182121B48DDC002E24B4 /* Frameworks */,
				66BF182221B48DDC002E24B4 /* Resources */,
				4DFA3305F565CABBBCBA7D5A /* [CP] Embed Pods Frameworks */,
			);
			buildRules = (
			);
			dependencies = (
			);
			name = Vanmino;
			productName = Vanmino;
			productReference = 66BF182421B48DDC002E24B4 /* Vanmino.app */;
			productType = "com.apple.product-type.application";
		};
		66BF183A21B48DDC002E24B4 /* VanminoTests */ = {
			isa = PBXNativeTarget;
			buildConfigurationList = 66BF185221B48DDC002E24B4 /* Build configuration list for PBXNativeTarget "VanminoTests" */;
			buildPhases = (
				98B5A1C83E557C4D826F2CED /* [CP] Check Pods Manifest.lock */,
				66BF183721B48DDC002E24B4 /* Sources */,
				66BF183821B48DDC002E24B4 /* Frameworks */,
				66BF183921B48DDC002E24B4 /* Resources */,
			);
			buildRules = (
			);
			dependencies = (
				66BF183D21B48DDC002E24B4 /* PBXTargetDependency */,
			);
			name = VanminoTests;
			productName = VanminoTests;
			productReference = 66BF183B21B48DDC002E24B4 /* VanminoTests.xctest */;
			productType = "com.apple.product-type.bundle.unit-test";
		};
		66BF184521B48DDC002E24B4 /* VanminoUITests */ = {
			isa = PBXNativeTarget;
			buildConfigurationList = 66BF185521B48DDC002E24B4 /* Build configuration list for PBXNativeTarget "VanminoUITests" */;
			buildPhases = (
				45C1F0C4B68A6E2603B0BAED /* [CP] Check Pods Manifest.lock */,
				66BF184221B48DDC002E24B4 /* Sources */,
				66BF184321B48DDC002E24B4 /* Frameworks */,
				66BF184421B48DDC002E24B4 /* Resources */,
			);
			buildRules = (
			);
			dependencies = (
				66BF184821B48DDC002E24B4 /* PBXTargetDependency */,
			);
			name = VanminoUITests;
			productName = VanminoUITests;
			productReference = 66BF184621B48DDC002E24B4 /* VanminoUITests.xctest */;
			productType = "com.apple.product-type.bundle.ui-testing";
		};
/* End PBXNativeTarget section */

/* Begin PBXProject section */
		66BF181C21B48DDC002E24B4 /* Project object */ = {
			isa = PBXProject;
			attributes = {
				LastSwiftUpdateCheck = 1000;
				LastUpgradeCheck = 1000;
				ORGANIZATIONNAME = "Gustavo Ferrufino";
				TargetAttributes = {
					66BF182321B48DDC002E24B4 = {
						CreatedOnToolsVersion = 10.0;
					};
					66BF183A21B48DDC002E24B4 = {
						CreatedOnToolsVersion = 10.0;
						TestTargetID = 66BF182321B48DDC002E24B4;
					};
					66BF184521B48DDC002E24B4 = {
						CreatedOnToolsVersion = 10.0;
						TestTargetID = 66BF182321B48DDC002E24B4;
					};
				};
			};
			buildConfigurationList = 66BF181F21B48DDC002E24B4 /* Build configuration list for PBXProject "Vanmino" */;
			compatibilityVersion = "Xcode 9.3";
			developmentRegion = en;
			hasScannedForEncodings = 0;
			knownRegions = (
				en,
				Base,
			);
			mainGroup = 66BF181B21B48DDC002E24B4;
			productRefGroup = 66BF182521B48DDC002E24B4 /* Products */;
			projectDirPath = "";
			projectRoot = "";
			targets = (
				66BF182321B48DDC002E24B4 /* Vanmino */,
				66BF183A21B48DDC002E24B4 /* VanminoTests */,
				66BF184521B48DDC002E24B4 /* VanminoUITests */,
			);
		};
/* End PBXProject section */

/* Begin PBXResourcesBuildPhase section */
		66BF182221B48DDC002E24B4 /* Resources */ = {
			isa = PBXResourcesBuildPhase;
			buildActionMask = 2147483647;
			files = (
				66BF183521B48DDC002E24B4 /* LaunchScreen.storyboard in Resources */,
				66BF185921B48E09002E24B4 /* GoogleService-Info.plist in Resources */,
				66BF183221B48DDC002E24B4 /* Assets.xcassets in Resources */,
				66BF182D21B48DDC002E24B4 /* Main.storyboard in Resources */,
			);
			runOnlyForDeploymentPostprocessing = 0;
		};
		66BF183921B48DDC002E24B4 /* Resources */ = {
			isa = PBXResourcesBuildPhase;
			buildActionMask = 2147483647;
			files = (
			);
			runOnlyForDeploymentPostprocessing = 0;
		};
		66BF184421B48DDC002E24B4 /* Resources */ = {
			isa = PBXResourcesBuildPhase;
			buildActionMask = 2147483647;
			files = (
			);
			runOnlyForDeploymentPostprocessing = 0;
		};
/* End PBXResourcesBuildPhase section */

/* Begin PBXShellScriptBuildPhase section */
		45C1F0C4B68A6E2603B0BAED /* [CP] Check Pods Manifest.lock */ = {
			isa = PBXShellScriptBuildPhase;
			buildActionMask = 2147483647;
			files = (
			);
			inputFileListPaths = (
			);
			inputPaths = (
				"${PODS_PODFILE_DIR_PATH}/Podfile.lock",
				"${PODS_ROOT}/Manifest.lock",
			);
			name = "[CP] Check Pods Manifest.lock";
			outputFileListPaths = (
			);
			outputPaths = (
				"$(DERIVED_FILE_DIR)/Pods-VanminoUITests-checkManifestLockResult.txt",
			);
			runOnlyForDeploymentPostprocessing = 0;
			shellPath = /bin/sh;
			shellScript = "diff \"${PODS_PODFILE_DIR_PATH}/Podfile.lock\" \"${PODS_ROOT}/Manifest.lock\" > /dev/null\nif [ $? != 0 ] ; then\n    # print error to STDERR\n    echo \"error: The sandbox is not in sync with the Podfile.lock. Run 'pod install' or update your CocoaPods installation.\" >&2\n    exit 1\nfi\n# This output is used by Xcode 'outputs' to avoid re-running this script phase.\necho \"SUCCESS\" > \"${SCRIPT_OUTPUT_FILE_0}\"\n";
			showEnvVarsInLog = 0;
		};
		4DFA3305F565CABBBCBA7D5A /* [CP] Embed Pods Frameworks */ = {
			isa = PBXShellScriptBuildPhase;
			buildActionMask = 2147483647;
			files = (
			);
			inputFileListPaths = (
			);
			inputPaths = (
				"${SRCROOT}/Pods/Target Support Files/Pods-Vanmino/Pods-Vanmino-frameworks.sh",
				"${BUILT_PRODUCTS_DIR}/GoogleUtilities/GoogleUtilities.framework",
				"${BUILT_PRODUCTS_DIR}/leveldb-library/leveldb.framework",
				"${BUILT_PRODUCTS_DIR}/nanopb/nanopb.framework",
			);
			name = "[CP] Embed Pods Frameworks";
			outputFileListPaths = (
			);
			outputPaths = (
				"${TARGET_BUILD_DIR}/${FRAMEWORKS_FOLDER_PATH}/GoogleUtilities.framework",
				"${TARGET_BUILD_DIR}/${FRAMEWORKS_FOLDER_PATH}/leveldb.framework",
				"${TARGET_BUILD_DIR}/${FRAMEWORKS_FOLDER_PATH}/nanopb.framework",
			);
			runOnlyForDeploymentPostprocessing = 0;
			shellPath = /bin/sh;
			shellScript = "\"${SRCROOT}/Pods/Target Support Files/Pods-Vanmino/Pods-Vanmino-frameworks.sh\"\n";
			showEnvVarsInLog = 0;
		};
		7DAE9921F07784E5EFF1D38B /* [CP] Check Pods Manifest.lock */ = {
			isa = PBXShellScriptBuildPhase;
			buildActionMask = 2147483647;
			files = (
			);
			inputFileListPaths = (
			);
			inputPaths = (
				"${PODS_PODFILE_DIR_PATH}/Podfile.lock",
				"${PODS_ROOT}/Manifest.lock",
			);
			name = "[CP] Check Pods Manifest.lock";
			outputFileListPaths = (
			);
			outputPaths = (
				"$(DERIVED_FILE_DIR)/Pods-Vanmino-checkManifestLockResult.txt",
			);
			runOnlyForDeploymentPostprocessing = 0;
			shellPath = /bin/sh;
			shellScript = "diff \"${PODS_PODFILE_DIR_PATH}/Podfile.lock\" \"${PODS_ROOT}/Manifest.lock\" > /dev/null\nif [ $? != 0 ] ; then\n    # print error to STDERR\n    echo \"error: The sandbox is not in sync with the Podfile.lock. Run 'pod install' or update your CocoaPods installation.\" >&2\n    exit 1\nfi\n# This output is used by Xcode 'outputs' to avoid re-running this script phase.\necho \"SUCCESS\" > \"${SCRIPT_OUTPUT_FILE_0}\"\n";
			showEnvVarsInLog = 0;
		};
		98B5A1C83E557C4D826F2CED /* [CP] Check Pods Manifest.lock */ = {
			isa = PBXShellScriptBuildPhase;
			buildActionMask = 2147483647;
			files = (
			);
			inputFileListPaths = (
			);
			inputPaths = (
				"${PODS_PODFILE_DIR_PATH}/Podfile.lock",
				"${PODS_ROOT}/Manifest.lock",
			);
			name = "[CP] Check Pods Manifest.lock";
			outputFileListPaths = (
			);
			outputPaths = (
				"$(DERIVED_FILE_DIR)/Pods-VanminoTests-checkManifestLockResult.txt",
			);
			runOnlyForDeploymentPostprocessing = 0;
			shellPath = /bin/sh;
			shellScript = "diff \"${PODS_PODFILE_DIR_PATH}/Podfile.lock\" \"${PODS_ROOT}/Manifest.lock\" > /dev/null\nif [ $? != 0 ] ; then\n    # print error to STDERR\n    echo \"error: The sandbox is not in sync with the Podfile.lock. Run 'pod install' or update your CocoaPods installation.\" >&2\n    exit 1\nfi\n# This output is used by Xcode 'outputs' to avoid re-running this script phase.\necho \"SUCCESS\" > \"${SCRIPT_OUTPUT_FILE_0}\"\n";
			showEnvVarsInLog = 0;
		};
/* End PBXShellScriptBuildPhase section */

/* Begin PBXSourcesBuildPhase section */
		66BF182021B48DDC002E24B4 /* Sources */ = {
			isa = PBXSourcesBuildPhase;
			buildActionMask = 2147483647;
			files = (
				66BF186121B4ACE1002E24B4 /* TrailType.swift in Sources */,
				66BF182A21B48DDC002E24B4 /* TrailsVC.swift in Sources */,
				66BF186321B4B09E002E24B4 /* TrailCell.swift in Sources */,
				66BF182821B48DDC002E24B4 /* AppDelegate.swift in Sources */,
				66BF183021B48DDC002E24B4 /* Vanmino.xcdatamodeld in Sources */,
			);
			runOnlyForDeploymentPostprocessing = 0;
		};
		66BF183721B48DDC002E24B4 /* Sources */ = {
			isa = PBXSourcesBuildPhase;
			buildActionMask = 2147483647;
			files = (
				66BF184021B48DDC002E24B4 /* VanminoTests.swift in Sources */,
			);
			runOnlyForDeploymentPostprocessing = 0;
		};
		66BF184221B48DDC002E24B4 /* Sources */ = {
			isa = PBXSourcesBuildPhase;
			buildActionMask = 2147483647;
			files = (
				66BF184B21B48DDC002E24B4 /* VanminoUITests.swift in Sources */,
			);
			runOnlyForDeploymentPostprocessing = 0;
		};
/* End PBXSourcesBuildPhase section */

/* Begin PBXTargetDependency section */
		66BF183D21B48DDC002E24B4 /* PBXTargetDependency */ = {
			isa = PBXTargetDependency;
			target = 66BF182321B48DDC002E24B4 /* Vanmino */;
			targetProxy = 66BF183C21B48DDC002E24B4 /* PBXContainerItemProxy */;
		};
		66BF184821B48DDC002E24B4 /* PBXTargetDependency */ = {
			isa = PBXTargetDependency;
			target = 66BF182321B48DDC002E24B4 /* Vanmino */;
			targetProxy = 66BF184721B48DDC002E24B4 /* PBXContainerItemProxy */;
		};
/* End PBXTargetDependency section */

/* Begin PBXVariantGroup section */
		66BF182B21B48DDC002E24B4 /* Main.storyboard */ = {
			isa = PBXVariantGroup;
			children = (
				66BF182C21B48DDC002E24B4 /* Base */,
			);
			name = Main.storyboard;
			sourceTree = "<group>";
		};
		66BF183321B48DDC002E24B4 /* LaunchScreen.storyboard */ = {
			isa = PBXVariantGroup;
			children = (
				66BF183421B48DDC002E24B4 /* Base */,
			);
			name = LaunchScreen.storyboard;
			sourceTree = "<group>";
		};
/* End PBXVariantGroup section */

/* Begin XCBuildConfiguration section */
		66BF184D21B48DDC002E24B4 /* Debug */ = {
			isa = XCBuildConfiguration;
			buildSettings = {
				ALWAYS_SEARCH_USER_PATHS = NO;
				CLANG_ANALYZER_NONNULL = YES;
				CLANG_ANALYZER_NUMBER_OBJECT_CONVERSION = YES_AGGRESSIVE;
				CLANG_CXX_LANGUAGE_STANDARD = "gnu++14";
				CLANG_CXX_LIBRARY = "libc++";
				CLANG_ENABLE_MODULES = YES;
				CLANG_ENABLE_OBJC_ARC = YES;
				CLANG_ENABLE_OBJC_WEAK = YES;
				CLANG_WARN_BLOCK_CAPTURE_AUTORELEASING = YES;
				CLANG_WARN_BOOL_CONVERSION = YES;
				CLANG_WARN_COMMA = YES;
				CLANG_WARN_CONSTANT_CONVERSION = YES;
				CLANG_WARN_DEPRECATED_OBJC_IMPLEMENTATIONS = YES;
				CLANG_WARN_DIRECT_OBJC_ISA_USAGE = YES_ERROR;
				CLANG_WARN_DOCUMENTATION_COMMENTS = YES;
				CLANG_WARN_EMPTY_BODY = YES;
				CLANG_WARN_ENUM_CONVERSION = YES;
				CLANG_WARN_INFINITE_RECURSION = YES;
				CLANG_WARN_INT_CONVERSION = YES;
				CLANG_WARN_NON_LITERAL_NULL_CONVERSION = YES;
				CLANG_WARN_OBJC_IMPLICIT_RETAIN_SELF = YES;
				CLANG_WARN_OBJC_LITERAL_CONVERSION = YES;
				CLANG_WARN_OBJC_ROOT_CLASS = YES_ERROR;
				CLANG_WARN_RANGE_LOOP_ANALYSIS = YES;
				CLANG_WARN_STRICT_PROTOTYPES = YES;
				CLANG_WARN_SUSPICIOUS_MOVE = YES;
				CLANG_WARN_UNGUARDED_AVAILABILITY = YES_AGGRESSIVE;
				CLANG_WARN_UNREACHABLE_CODE = YES;
				CLANG_WARN__DUPLICATE_METHOD_MATCH = YES;
				CODE_SIGN_IDENTITY = "iPhone Developer";
				COPY_PHASE_STRIP = NO;
				DEBUG_INFORMATION_FORMAT = dwarf;
				ENABLE_STRICT_OBJC_MSGSEND = YES;
				ENABLE_TESTABILITY = YES;
				GCC_C_LANGUAGE_STANDARD = gnu11;
				GCC_DYNAMIC_NO_PIC = NO;
				GCC_NO_COMMON_BLOCKS = YES;
				GCC_OPTIMIZATION_LEVEL = 0;
				GCC_PREPROCESSOR_DEFINITIONS = (
					"DEBUG=1",
					"$(inherited)",
				);
				GCC_WARN_64_TO_32_BIT_CONVERSION = YES;
				GCC_WARN_ABOUT_RETURN_TYPE = YES_ERROR;
				GCC_WARN_UNDECLARED_SELECTOR = YES;
				GCC_WARN_UNINITIALIZED_AUTOS = YES_AGGRESSIVE;
				GCC_WARN_UNUSED_FUNCTION = YES;
				GCC_WARN_UNUSED_VARIABLE = YES;
				IPHONEOS_DEPLOYMENT_TARGET = 12.0;
				MTL_ENABLE_DEBUG_INFO = INCLUDE_SOURCE;
				MTL_FAST_MATH = YES;
				ONLY_ACTIVE_ARCH = YES;
				SDKROOT = iphoneos;
				SWIFT_ACTIVE_COMPILATION_CONDITIONS = DEBUG;
				SWIFT_OPTIMIZATION_LEVEL = "-Onone";
			};
			name = Debug;
		};
		66BF184E21B48DDC002E24B4 /* Release */ = {
			isa = XCBuildConfiguration;
			buildSettings = {
				ALWAYS_SEARCH_USER_PATHS = NO;
				CLANG_ANALYZER_NONNULL = YES;
				CLANG_ANALYZER_NUMBER_OBJECT_CONVERSION = YES_AGGRESSIVE;
				CLANG_CXX_LANGUAGE_STANDARD = "gnu++14";
				CLANG_CXX_LIBRARY = "libc++";
				CLANG_ENABLE_MODULES = YES;
				CLANG_ENABLE_OBJC_ARC = YES;
				CLANG_ENABLE_OBJC_WEAK = YES;
				CLANG_WARN_BLOCK_CAPTURE_AUTORELEASING = YES;
				CLANG_WARN_BOOL_CONVERSION = YES;
				CLANG_WARN_COMMA = YES;
				CLANG_WARN_CONSTANT_CONVERSION = YES;
				CLANG_WARN_DEPRECATED_OBJC_IMPLEMENTATIONS = YES;
				CLANG_WARN_DIRECT_OBJC_ISA_USAGE = YES_ERROR;
				CLANG_WARN_DOCUMENTATION_COMMENTS = YES;
				CLANG_WARN_EMPTY_BODY = YES;
				CLANG_WARN_ENUM_CONVERSION = YES;
				CLANG_WARN_INFINITE_RECURSION = YES;
				CLANG_WARN_INT_CONVERSION = YES;
				CLANG_WARN_NON_LITERAL_NULL_CONVERSION = YES;
				CLANG_WARN_OBJC_IMPLICIT_RETAIN_SELF = YES;
				CLANG_WARN_OBJC_LITERAL_CONVERSION = YES;
				CLANG_WARN_OBJC_ROOT_CLASS = YES_ERROR;
				CLANG_WARN_RANGE_LOOP_ANALYSIS = YES;
				CLANG_WARN_STRICT_PROTOTYPES = YES;
				CLANG_WARN_SUSPICIOUS_MOVE = YES;
				CLANG_WARN_UNGUARDED_AVAILABILITY = YES_AGGRESSIVE;
				CLANG_WARN_UNREACHABLE_CODE = YES;
				CLANG_WARN__DUPLICATE_METHOD_MATCH = YES;
				CODE_SIGN_IDENTITY = "iPhone Developer";
				COPY_PHASE_STRIP = NO;
				DEBUG_INFORMATION_FORMAT = "dwarf-with-dsym";
				ENABLE_NS_ASSERTIONS = NO;
				ENABLE_STRICT_OBJC_MSGSEND = YES;
				GCC_C_LANGUAGE_STANDARD = gnu11;
				GCC_NO_COMMON_BLOCKS = YES;
				GCC_WARN_64_TO_32_BIT_CONVERSION = YES;
				GCC_WARN_ABOUT_RETURN_TYPE = YES_ERROR;
				GCC_WARN_UNDECLARED_SELECTOR = YES;
				GCC_WARN_UNINITIALIZED_AUTOS = YES_AGGRESSIVE;
				GCC_WARN_UNUSED_FUNCTION = YES;
				GCC_WARN_UNUSED_VARIABLE = YES;
				IPHONEOS_DEPLOYMENT_TARGET = 12.0;
				MTL_ENABLE_DEBUG_INFO = NO;
				MTL_FAST_MATH = YES;
				SDKROOT = iphoneos;
				SWIFT_COMPILATION_MODE = wholemodule;
				SWIFT_OPTIMIZATION_LEVEL = "-O";
				VALIDATE_PRODUCT = YES;
			};
			name = Release;
		};
		66BF185021B48DDC002E24B4 /* Debug */ = {
			isa = XCBuildConfiguration;
			baseConfigurationReference = 7F1CFF2B0E2394F1AA748AE9 /* Pods-Vanmino.debug.xcconfig */;
			buildSettings = {
				ASSETCATALOG_COMPILER_APPICON_NAME = AppIcon;
				CODE_SIGN_STYLE = Automatic;
				DEVELOPMENT_TEAM = C5UP27Z5YP;
				INFOPLIST_FILE = Vanmino/Info.plist;
				LD_RUNPATH_SEARCH_PATHS = (
					"$(inherited)",
					"@executable_path/Frameworks",
				);
				PRODUCT_BUNDLE_IDENTIFIER = com.ferrufino.Vanmino;
				PRODUCT_NAME = "$(TARGET_NAME)";
				SWIFT_VERSION = 4.2;
				TARGETED_DEVICE_FAMILY = "1,2";
			};
			name = Debug;
		};
		66BF185121B48DDC002E24B4 /* Release */ = {
			isa = XCBuildConfiguration;
			baseConfigurationReference = F91603849F37E0BCCDC7188D /* Pods-Vanmino.release.xcconfig */;
			buildSettings = {
				ASSETCATALOG_COMPILER_APPICON_NAME = AppIcon;
				CODE_SIGN_STYLE = Automatic;
				DEVELOPMENT_TEAM = C5UP27Z5YP;
				INFOPLIST_FILE = Vanmino/Info.plist;
				LD_RUNPATH_SEARCH_PATHS = (
					"$(inherited)",
					"@executable_path/Frameworks",
				);
				PRODUCT_BUNDLE_IDENTIFIER = com.ferrufino.Vanmino;
				PRODUCT_NAME = "$(TARGET_NAME)";
				SWIFT_VERSION = 4.2;
				TARGETED_DEVICE_FAMILY = "1,2";
			};
			name = Release;
		};
		66BF185321B48DDC002E24B4 /* Debug */ = {
			isa = XCBuildConfiguration;
			baseConfigurationReference = 2498D2329E554355E5BD2FB8 /* Pods-VanminoTests.debug.xcconfig */;
			buildSettings = {
				ALWAYS_EMBED_SWIFT_STANDARD_LIBRARIES = YES;
				BUNDLE_LOADER = "$(TEST_HOST)";
				CODE_SIGN_STYLE = Automatic;
				DEVELOPMENT_TEAM = C5UP27Z5YP;
				INFOPLIST_FILE = VanminoTests/Info.plist;
				LD_RUNPATH_SEARCH_PATHS = (
					"$(inherited)",
					"@executable_path/Frameworks",
					"@loader_path/Frameworks",
				);
				PRODUCT_BUNDLE_IDENTIFIER = com.ferrufino.VanminoTests;
				PRODUCT_NAME = "$(TARGET_NAME)";
				SWIFT_VERSION = 4.2;
				TARGETED_DEVICE_FAMILY = "1,2";
				TEST_HOST = "$(BUILT_PRODUCTS_DIR)/Vanmino.app/Vanmino";
			};
			name = Debug;
		};
		66BF185421B48DDC002E24B4 /* Release */ = {
			isa = XCBuildConfiguration;
			baseConfigurationReference = A32E2E567415D78075DA7025 /* Pods-VanminoTests.release.xcconfig */;
			buildSettings = {
				ALWAYS_EMBED_SWIFT_STANDARD_LIBRARIES = YES;
				BUNDLE_LOADER = "$(TEST_HOST)";
				CODE_SIGN_STYLE = Automatic;
				DEVELOPMENT_TEAM = C5UP27Z5YP;
				INFOPLIST_FILE = VanminoTests/Info.plist;
				LD_RUNPATH_SEARCH_PATHS = (
					"$(inherited)",
					"@executable_path/Frameworks",
					"@loader_path/Frameworks",
				);
				PRODUCT_BUNDLE_IDENTIFIER = com.ferrufino.VanminoTests;
				PRODUCT_NAME = "$(TARGET_NAME)";
				SWIFT_VERSION = 4.2;
				TARGETED_DEVICE_FAMILY = "1,2";
				TEST_HOST = "$(BUILT_PRODUCTS_DIR)/Vanmino.app/Vanmino";
			};
			name = Release;
		};
		66BF185621B48DDC002E24B4 /* Debug */ = {
			isa = XCBuildConfiguration;
			baseConfigurationReference = F2E1AE03852B32E891E55C39 /* Pods-VanminoUITests.debug.xcconfig */;
			buildSettings = {
				ALWAYS_EMBED_SWIFT_STANDARD_LIBRARIES = YES;
				CODE_SIGN_STYLE = Automatic;
				DEVELOPMENT_TEAM = C5UP27Z5YP;
				INFOPLIST_FILE = VanminoUITests/Info.plist;
				LD_RUNPATH_SEARCH_PATHS = (
					"$(inherited)",
					"@executable_path/Frameworks",
					"@loader_path/Frameworks",
				);
				PRODUCT_BUNDLE_IDENTIFIER = com.ferrufino.VanminoUITests;
				PRODUCT_NAME = "$(TARGET_NAME)";
				SWIFT_VERSION = 4.2;
				TARGETED_DEVICE_FAMILY = "1,2";
				TEST_TARGET_NAME = Vanmino;
			};
			name = Debug;
		};
		66BF185721B48DDC002E24B4 /* Release */ = {
			isa = XCBuildConfiguration;
			baseConfigurationReference = 6D12FAED4238E60E7AD1DDD3 /* Pods-VanminoUITests.release.xcconfig */;
			buildSettings = {
				ALWAYS_EMBED_SWIFT_STANDARD_LIBRARIES = YES;
				CODE_SIGN_STYLE = Automatic;
				DEVELOPMENT_TEAM = C5UP27Z5YP;
				INFOPLIST_FILE = VanminoUITests/Info.plist;
				LD_RUNPATH_SEARCH_PATHS = (
					"$(inherited)",
					"@executable_path/Frameworks",
					"@loader_path/Frameworks",
				);
				PRODUCT_BUNDLE_IDENTIFIER = com.ferrufino.VanminoUITests;
				PRODUCT_NAME = "$(TARGET_NAME)";
				SWIFT_VERSION = 4.2;
				TARGETED_DEVICE_FAMILY = "1,2";
				TEST_TARGET_NAME = Vanmino;
			};
			name = Release;
		};
/* End XCBuildConfiguration section */

/* Begin XCConfigurationList section */
		66BF181F21B48DDC002E24B4 /* Build configuration list for PBXProject "Vanmino" */ = {
			isa = XCConfigurationList;
			buildConfigurations = (
				66BF184D21B48DDC002E24B4 /* Debug */,
				66BF184E21B48DDC002E24B4 /* Release */,
			);
			defaultConfigurationIsVisible = 0;
			defaultConfigurationName = Release;
		};
		66BF184F21B48DDC002E24B4 /* Build configuration list for PBXNativeTarget "Vanmino" */ = {
			isa = XCConfigurationList;
			buildConfigurations = (
				66BF185021B48DDC002E24B4 /* Debug */,
				66BF185121B48DDC002E24B4 /* Release */,
			);
			defaultConfigurationIsVisible = 0;
			defaultConfigurationName = Release;
		};
		66BF185221B48DDC002E24B4 /* Build configuration list for PBXNativeTarget "VanminoTests" */ = {
			isa = XCConfigurationList;
			buildConfigurations = (
				66BF185321B48DDC002E24B4 /* Debug */,
				66BF185421B48DDC002E24B4 /* Release */,
			);
			defaultConfigurationIsVisible = 0;
			defaultConfigurationName = Release;
		};
		66BF185521B48DDC002E24B4 /* Build configuration list for PBXNativeTarget "VanminoUITests" */ = {
			isa = XCConfigurationList;
			buildConfigurations = (
				66BF185621B48DDC002E24B4 /* Debug */,
				66BF185721B48DDC002E24B4 /* Release */,
			);
			defaultConfigurationIsVisible = 0;
			defaultConfigurationName = Release;
		};
/* End XCConfigurationList section */

/* Begin XCVersionGroup section */
		66BF182E21B48DDC002E24B4 /* Vanmino.xcdatamodeld */ = {
			isa = XCVersionGroup;
			children = (
				66BF182F21B48DDC002E24B4 /* Vanmino.xcdatamodel */,
			);
			currentVersion = 66BF182F21B48DDC002E24B4 /* Vanmino.xcdatamodel */;
			path = Vanmino.xcdatamodeld;
			sourceTree = "<group>";
			versionGroupType = wrapper.xcdatamodel;
		};
/* End XCVersionGroup section */
	};
	rootObject = 66BF181C21B48DDC002E24B4 /* Project object */;
}
